// !$*UTF8*$!
{
	archiveVersion = 1;
	classes = {
	};
	objectVersion = 46;
	objects = {

/* Begin PBXBuildFile section */
		4BE995381C30C5F800B7DA7B /* AppDelegate.swift in Sources */ = {isa = PBXBuildFile; fileRef = 4BE995371C30C5F800B7DA7B /* AppDelegate.swift */; };
		4BE9953A1C30C5F800B7DA7B /* ViewController.swift in Sources */ = {isa = PBXBuildFile; fileRef = 4BE995391C30C5F800B7DA7B /* ViewController.swift */; };
		4BE9953D1C30C5F800B7DA7B /* Main.storyboard in Resources */ = {isa = PBXBuildFile; fileRef = 4BE9953B1C30C5F800B7DA7B /* Main.storyboard */; };
		4BE9953F1C30C5F800B7DA7B /* Images.xcassets in Resources */ = {isa = PBXBuildFile; fileRef = 4BE9953E1C30C5F800B7DA7B /* Images.xcassets */; };
		4BE995421C30C5F800B7DA7B /* LaunchScreen.xib in Resources */ = {isa = PBXBuildFile; fileRef = 4BE995401C30C5F800B7DA7B /* LaunchScreen.xib */; };
		4BE9954E1C30C5F900B7DA7B /* prueba1Tests.swift in Sources */ = {isa = PBXBuildFile; fileRef = 4BE9954D1C30C5F900B7DA7B /* prueba1Tests.swift */; };
/* End PBXBuildFile section */

/* Begin PBXContainerItemProxy section */
		4BE995481C30C5F900B7DA7B /* PBXContainerItemProxy */ = {
			isa = PBXContainerItemProxy;
			containerPortal = 4BE9952A1C30C5F800B7DA7B /* Project object */;
			proxyType = 1;
			remoteGlobalIDString = 4BE995311C30C5F800B7DA7B;
			remoteInfo = prueba1;
		};
/* End PBXContainerItemProxy section */

/* Begin PBXFileReference section */
		4BE995321C30C5F800B7DA7B /* prueba1.app */ = {isa = PBXFileReference; explicitFileType = wrapper.application; includeInIndex = 0; path = prueba1.app; sourceTree = BUILT_PRODUCTS_DIR; };
		4BE995361C30C5F800B7DA7B /* Info.plist */ = {isa = PBXFileReference; lastKnownFileType = text.plist.xml; path = Info.plist; sourceTree = "<group>"; };
		4BE995371C30C5F800B7DA7B /* AppDelegate.swift */ = {isa = PBXFileReference; lastKnownFileType = sourcecode.swift; path = AppDelegate.swift; sourceTree = "<group>"; };
		4BE995391C30C5F800B7DA7B /* ViewController.swift */ = {isa = PBXFileReference; lastKnownFileType = sourcecode.swift; path = ViewController.swift; sourceTree = "<group>"; };
		4BE9953C1C30C5F800B7DA7B /* Base */ = {isa = PBXFileReference; lastKnownFileType = file.storyboard; name = Base; path = Base.lproj/Main.storyboard; sourceTree = "<group>"; };
		4BE9953E1C30C5F800B7DA7B /* Images.xcassets */ = {isa = PBXFileReference; lastKnownFileType = folder.assetcatalog; path = Images.xcassets; sourceTree = "<group>"; };
		4BE995411C30C5F800B7DA7B /* Base */ = {isa = PBXFileReference; lastKnownFileType = file.xib; name = Base; path = Base.lproj/LaunchScreen.xib; sourceTree = "<group>"; };
		4BE995471C30C5F900B7DA7B /* prueba1Tests.xctest */ = {isa = PBXFileReference; explicitFileType = wrapper.cfbundle; includeInIndex = 0; path = prueba1Tests.xctest; sourceTree = BUILT_PRODUCTS_DIR; };
		4BE9954C1C30C5F900B7DA7B /* Info.plist */ = {isa = PBXFileReference; lastKnownFileType = text.plist.xml; path = Info.plist; sourceTree = "<group>"; };
		4BE9954D1C30C5F900B7DA7B /* prueba1Tests.swift */ = {isa = PBXFileReference; lastKnownFileType = sourcecode.swift; path = prueba1Tests.swift; sourceTree = "<group>"; };
/* End PBXFileReference section */

/* Begin PBXFrameworksBuildPhase section */
		4BE9952F1C30C5F800B7DA7B /* Frameworks */ = {
			isa = PBXFrameworksBuildPhase;
			buildActionMask = 2147483647;
			files = (
			);
			runOnlyForDeploymentPostprocessing = 0;
		};
		4BE995441C30C5F900B7DA7B /* Frameworks */ = {
			isa = PBXFrameworksBuildPhase;
			buildActionMask = 2147483647;
			files = (
			);
			runOnlyForDeploymentPostprocessing = 0;
		};
/* End PBXFrameworksBuildPhase section */

/* Begin PBXGroup section */
		4BE995291C30C5F800B7DA7B = {
			isa = PBXGroup;
			children = (
				4BE995341C30C5F800B7DA7B /* prueba1 */,
				4BE9954A1C30C5F900B7DA7B /* prueba1Tests */,
				4BE995331C30C5F800B7DA7B /* Products */,
			);
			sourceTree = "<group>";
		};
		4BE995331C30C5F800B7DA7B /* Products */ = {
			isa = PBXGroup;
			children = (
				4BE995321C30C5F800B7DA7B /* prueba1.app */,
				4BE995471C30C5F900B7DA7B /* prueba1Tests.xctest */,
			);
			name = Products;
			sourceTree = "<group>";
		};
		4BE995341C30C5F800B7DA7B /* prueba1 */ = {
			isa = PBXGroup;
			children = (
				4BE995371C30C5F800B7DA7B /* AppDelegate.swift */,
				4BE995391C30C5F800B7DA7B /* ViewController.swift */,
				4BE9953B1C30C5F800B7DA7B /* Main.storyboard */,
				4BE9953E1C30C5F800B7DA7B /* Images.xcassets */,
				4BE995401C30C5F800B7DA7B /* LaunchScreen.xib */,
				4BE995351C30C5F800B7DA7B /* Supporting Files */,
			);
			path = prueba1;
			sourceTree = "<group>";
		};
		4BE995351C30C5F800B7DA7B /* Supporting Files */ = {
			isa = PBXGroup;
			children = (
				4BE995361C30C5F800B7DA7B /* Info.plist */,
			);
			name = "Supporting Files";
			sourceTree = "<group>";
		};
		4BE9954A1C30C5F900B7DA7B /* prueba1Tests */ = {
			isa = PBXGroup;
			children = (
				4BE9954D1C30C5F900B7DA7B /* prueba1Tests.swift */,
				4BE9954B1C30C5F900B7DA7B /* Supporting Files */,
			);
			path = prueba1Tests;
			sourceTree = "<group>";
		};
		4BE9954B1C30C5F900B7DA7B /* Supporting Files */ = {
			isa = PBXGroup;
			children = (
				4BE9954C1C30C5F900B7DA7B /* Info.plist */,
			);
			name = "Supporting Files";
			sourceTree = "<group>";
		};
/* End PBXGroup section */

/* Begin PBXNativeTarget section */
		4BE995311C30C5F800B7DA7B /* prueba1 */ = {
			isa = PBXNativeTarget;
			buildConfigurationList = 4BE995511C30C5F900B7DA7B /* Build configuration list for PBXNativeTarget "prueba1" */;
			buildPhases = (
				4BE9952E1C30C5F800B7DA7B /* Sources */,
				4BE9952F1C30C5F800B7DA7B /* Frameworks */,
				4BE995301C30C5F800B7DA7B /* Resources */,
			);
			buildRules = (
			);
			dependencies = (
			);
			name = prueba1;
			productName = prueba1;
			productReference = 4BE995321C30C5F800B7DA7B /* prueba1.app */;
			productType = "com.apple.product-type.application";
		};
		4BE995461C30C5F900B7DA7B /* prueba1Tests */ = {
			isa = PBXNativeTarget;
			buildConfigurationList = 4BE995541C30C5F900B7DA7B /* Build configuration list for PBXNativeTarget "prueba1Tests" */;
			buildPhases = (
				4BE995431C30C5F900B7DA7B /* Sources */,
				4BE995441C30C5F900B7DA7B /* Frameworks */,
				4BE995451C30C5F900B7DA7B /* Resources */,
			);
			buildRules = (
			);
			dependencies = (
				4BE995491C30C5F900B7DA7B /* PBXTargetDependency */,
			);
			name = prueba1Tests;
			productName = prueba1Tests;
			productReference = 4BE995471C30C5F900B7DA7B /* prueba1Tests.xctest */;
			productType = "com.apple.product-type.bundle.unit-test";
		};
/* End PBXNativeTarget section */

/* Begin PBXProject section */
		4BE9952A1C30C5F800B7DA7B /* Project object */ = {
			isa = PBXProject;
			attributes = {
				LastUpgradeCheck = 0610;
				ORGANIZATIONNAME = Maver;
				TargetAttributes = {
					4BE995311C30C5F800B7DA7B = {
						CreatedOnToolsVersion = 6.1;
					};
					4BE995461C30C5F900B7DA7B = {
						CreatedOnToolsVersion = 6.1;
						TestTargetID = 4BE995311C30C5F800B7DA7B;
					};
				};
			};
			buildConfigurationList = 4BE9952D1C30C5F800B7DA7B /* Build configuration list for PBXProject "prueba1" */;
			compatibilityVersion = "Xcode 3.2";
			developmentRegion = English;
			hasScannedForEncodings = 0;
			knownRegions = (
				en,
				Base,
			);
			mainGroup = 4BE995291C30C5F800B7DA7B;
			productRefGroup = 4BE995331C30C5F800B7DA7B /* Products */;
			projectDirPath = "";
			projectRoot = "";
			targets = (
				4BE995311C30C5F800B7DA7B /* prueba1 */,
				4BE995461C30C5F900B7DA7B /* prueba1Tests */,
			);
		};
/* End PBXProject section */

/* Begin PBXResourcesBuildPhase section */
		4BE995301C30C5F800B7DA7B /* Resources */ = {
			isa = PBXResourcesBuildPhase;
			buildActionMask = 2147483647;
			files = (
				4BE9953D1C30C5F800B7DA7B /* Main.storyboard in Resources */,
				4BE995421C30C5F800B7DA7B /* LaunchScreen.xib in Resources */,
				4BE9953F1C30C5F800B7DA7B /* Images.xcassets in Resources */,
			);
			runOnlyForDeploymentPostprocessing = 0;
		};
		4BE995451C30C5F900B7DA7B /* Resources */ = {
			isa = PBXResourcesBuildPhase;
			buildActionMask = 2147483647;
			files = (
			);
			runOnlyForDeploymentPostprocessing = 0;
		};
/* End PBXResourcesBuildPhase section */

/* Begin PBXSourcesBuildPhase section */
		4BE9952E1C30C5F800B7DA7B /* Sources */ = {
			isa = PBXSourcesBuildPhase;
			buildActionMask = 2147483647;
			files = (
				4BE9953A1C30C5F800B7DA7B /* ViewController.swift in Sources */,
				4BE995381C30C5F800B7DA7B /* AppDelegate.swift in Sources */,
			);
			runOnlyForDeploymentPostprocessing = 0;
		};
		4BE995431C30C5F900B7DA7B /* Sources */ = {
			isa = PBXSourcesBuildPhase;
			buildActionMask = 2147483647;
			files = (
				4BE9954E1C30C5F900B7DA7B /* prueba1Tests.swift in Sources */,
			);
			runOnlyForDeploymentPostprocessing = 0;
		};
/* End PBXSourcesBuildPhase section */

/* Begin PBXTargetDependency section */
		4BE995491C30C5F900B7DA7B /* PBXTargetDependency */ = {
			isa = PBXTargetDependency;
			target = 4BE995311C30C5F800B7DA7B /* prueba1 */;
			targetProxy = 4BE995481C30C5F900B7DA7B /* PBXContainerItemProxy */;
		};
/* End PBXTargetDependency section */

/* Begin PBXVariantGroup section */
		4BE9953B1C30C5F800B7DA7B /* Main.storyboard */ = {
			isa = PBXVariantGroup;
			children = (
				4BE9953C1C30C5F800B7DA7B /* Base */,
			);
			name = Main.storyboard;
			sourceTree = "<group>";
		};
		4BE995401C30C5F800B7DA7B /* LaunchScreen.xib */ = {
			isa = PBXVariantGroup;
			children = (
				4BE995411C30C5F800B7DA7B /* Base */,
			);
			name = LaunchScreen.xib;
			sourceTree = "<group>";
		};
/* End PBXVariantGroup section */

/* Begin XCBuildConfiguration section */
		4BE9954F1C30C5F900B7DA7B /* Debug */ = {
			isa = XCBuildConfiguration;
			buildSettings = {
				ALWAYS_SEARCH_USER_PATHS = NO;
				CLANG_CXX_LANGUAGE_STANDARD = "gnu++0x";
				CLANG_CXX_LIBRARY = "libc++";
				CLANG_ENABLE_MODULES = YES;
				CLANG_ENABLE_OBJC_ARC = YES;
				CLANG_WARN_BOOL_CONVERSION = YES;
				CLANG_WARN_CONSTANT_CONVERSION = YES;
				CLANG_WARN_DIRECT_OBJC_ISA_USAGE = YES_ERROR;
				CLANG_WARN_EMPTY_BODY = YES;
				CLANG_WARN_ENUM_CONVERSION = YES;
				CLANG_WARN_INT_CONVERSION = YES;
				CLANG_WARN_OBJC_ROOT_CLASS = YES_ERROR;
				CLANG_WARN_UNREACHABLE_CODE = YES;
				CLANG_WARN__DUPLICATE_METHOD_MATCH = YES;
				"CODE_SIGN_IDENTITY[sdk=iphoneos*]" = "iPhone Developer";
				COPY_PHASE_STRIP = NO;
				ENABLE_STRICT_OBJC_MSGSEND = YES;
				GCC_C_LANGUAGE_STANDARD = gnu99;
				GCC_DYNAMIC_NO_PIC = NO;
				GCC_OPTIMIZATION_LEVEL = 0;
				GCC_PREPROCESSOR_DEFINITIONS = (
					"DEBUG=1",
					"$(inherited)",
				);
				GCC_SYMBOLS_PRIVATE_EXTERN = NO;
				GCC_WARN_64_TO_32_BIT_CONVERSION = YES;
				GCC_WARN_ABOUT_RETURN_TYPE = YES_ERROR;
				GCC_WARN_UNDECLARED_SELECTOR = YES;
				GCC_WARN_UNINITIALIZED_AUTOS = YES_AGGRESSIVE;
				GCC_WARN_UNUSED_FUNCTION = YES;
				GCC_WARN_UNUSED_VARIABLE = YES;
				IPHONEOS_DEPLOYMENT_TARGET = 8.1;
				MTL_ENABLE_DEBUG_INFO = YES;
				ONLY_ACTIVE_ARCH = YES;
				SDKROOT = iphoneos;
				SWIFT_OPTIMIZATION_LEVEL = "-Onone";
				TARGETED_DEVICE_FAMILY = "1,2";
			};
			name = Debug;
		};
		4BE995501C30C5F900B7DA7B /* Release */ = {
			isa = XCBuildConfiguration;
			buildSettings = {
				ALWAYS_SEARCH_USER_PATHS = NO;
				CLANG_CXX_LANGUAGE_STANDARD = "gnu++0x";
				CLANG_CXX_LIBRARY = "libc++";
				CLANG_ENABLE_MODULES = YES;
				CLANG_ENABLE_OBJC_ARC = YES;
				CLANG_WARN_BOOL_CONVERSION = YES;
				CLANG_WARN_CONSTANT_CONVERSION = YES;
				CLANG_WARN_DIRECT_OBJC_ISA_USAGE = YES_ERROR;
				CLANG_WARN_EMPTY_BODY = YES;
				CLANG_WARN_ENUM_CONVERSION = YES;
				CLANG_WARN_INT_CONVERSION = YES;
				CLANG_WARN_OBJC_ROOT_CLASS = YES_ERROR;
				CLANG_WARN_UNREACHABLE_CODE = YES;
				CLANG_WARN__DUPLICATE_METHOD_MATCH = YES;
				"CODE_SIGN_IDENTITY[sdk=iphoneos*]" = "iPhone Developer";
				COPY_PHASE_STRIP = YES;
				ENABLE_NS_ASSERTIONS = NO;
				ENABLE_STRICT_OBJC_MSGSEND = YES;
				GCC_C_LANGUAGE_STANDARD = gnu99;
				GCC_WARN_64_TO_32_BIT_CONVERSION = YES;
				GCC_WARN_ABOUT_RETURN_TYPE = YES_ERROR;
				GCC_WARN_UNDECLARED_SELECTOR = YES;
				GCC_WARN_UNINITIALIZED_AUTOS = YES_AGGRESSIVE;
				GCC_WARN_UNUSED_FUNCTION = YES;
				GCC_WARN_UNUSED_VARIABLE = YES;
				IPHONEOS_DEPLOYMENT_TARGET = 8.1;
				MTL_ENABLE_DEBUG_INFO = NO;
				SDKROOT = iphoneos;
				TARGETED_DEVICE_FAMILY = "1,2";
				VALIDATE_PRODUCT = YES;
			};
			name = Release;
		};
		4BE995521C30C5F900B7DA7B /* Debug */ = {
			isa = XCBuildConfiguration;
			buildSettings = {
				ASSETCATALOG_COMPILER_APPICON_NAME = AppIcon;
				INFOPLIST_FILE = prueba1/Info.plist;
				LD_RUNPATH_SEARCH_PATHS = "$(inherited) @executable_path/Frameworks";
				PRODUCT_NAME = "$(TARGET_NAME)";
			};
			name = Debug;
		};
		4BE995531C30C5F900B7DA7B /* Release */ = {
			isa = XCBuildConfiguration;
			buildSettings = {
				ASSETCATALOG_COMPILER_APPICON_NAME = AppIcon;
				INFOPLIST_FILE = prueba1/Info.plist;
				LD_RUNPATH_SEARCH_PATHS = "$(inherited) @executable_path/Frameworks";
				PRODUCT_NAME = "$(TARGET_NAME)";
			};
			name = Release;
		};
		4BE995551C30C5F900B7DA7B /* Debug */ = {
			isa = XCBuildConfiguration;
			buildSettings = {
				BUNDLE_LOADER = "$(TEST_HOST)";
				FRAMEWORK_SEARCH_PATHS = (
					"$(SDKROOT)/Developer/Library/Frameworks",
					"$(inherited)",
				);
				GCC_PREPROCESSOR_DEFINITIONS = (
					"DEBUG=1",
					"$(inherited)",
				);
				INFOPLIST_FILE = prueba1Tests/Info.plist;
				LD_RUNPATH_SEARCH_PATHS = "$(inherited) @executable_path/Frameworks @loader_path/Frameworks";
				PRODUCT_NAME = "$(TARGET_NAME)";
				TEST_HOST = "$(BUILT_PRODUCTS_DIR)/prueba1.app/prueba1";
			};
			name = Debug;
		};
		4BE995561C30C5F900B7DA7B /* Release */ = {
			isa = XCBuildConfiguration;
			buildSettings = {
				BUNDLE_LOADER = "$(TEST_HOST)";
				FRAMEWORK_SEARCH_PATHS = (
					"$(SDKROOT)/Developer/Library/Frameworks",
					"$(inherited)",
				);
				INFOPLIST_FILE = prueba1Tests/Info.plist;
				LD_RUNPATH_SEARCH_PATHS = "$(inherited) @executable_path/Frameworks @loader_path/Frameworks";
				PRODUCT_NAME = "$(TARGET_NAME)";
				TEST_HOST = "$(BUILT_PRODUCTS_DIR)/prueba1.app/prueba1";
			};
			name = Release;
		};
/* End XCBuildConfiguration section */

/* Begin XCConfigurationList section */
		4BE9952D1C30C5F800B7DA7B /* Build configuration list for PBXProject "prueba1" */ = {
			isa = XCConfigurationList;
			buildConfigurations = (
				4BE9954F1C30C5F900B7DA7B /* Debug */,
				4BE995501C30C5F900B7DA7B /* Release */,
			);
			defaultConfigurationIsVisible = 0;
			defaultConfigurationName = Release;
		};
		4BE995511C30C5F900B7DA7B /* Build configuration list for PBXNativeTarget "prueba1" */ = {
			isa = XCConfigurationList;
			buildConfigurations = (
				4BE995521C30C5F900B7DA7B /* Debug */,
				4BE995531C30C5F900B7DA7B /* Release */,
			);
			defaultConfigurationIsVisible = 0;
		};
		4BE995541C30C5F900B7DA7B /* Build configuration list for PBXNativeTarget "prueba1Tests" */ = {
			isa = XCConfigurationList;
			buildConfigurations = (
				4BE995551C30C5F900B7DA7B /* Debug */,
				4BE995561C30C5F900B7DA7B /* Release */,
			);
			defaultConfigurationIsVisible = 0;
		};
/* End XCConfigurationList section */
	};
	rootObject = 4BE9952A1C30C5F800B7DA7B /* Project object */;
}
